// !$*UTF8*$!
{
	archiveVersion = 1;
	classes = {
	};
	objectVersion = 48;
	objects = {

/* Begin PBXBuildFile section */
		542E5B481FB8AB8100704047 /* GameMemory.swift in Sources */ = {isa = PBXBuildFile; fileRef = 542E5B471FB8AB8100704047 /* GameMemory.swift */; };
		542E5B4A1FB8C49200704047 /* ViewModel.swift in Sources */ = {isa = PBXBuildFile; fileRef = 542E5B491FB8C49200704047 /* ViewModel.swift */; };
		542F46B51F93656A00A3AECF /* ViewControllerUnitTests.swift in Sources */ = {isa = PBXBuildFile; fileRef = 542F46B41F93656A00A3AECF /* ViewControllerUnitTests.swift */; };
		543ED76F1FA78CAF004E1225 /* Move.swift in Sources */ = {isa = PBXBuildFile; fileRef = 543ED76E1FA78CAF004E1225 /* Move.swift */; };
		54550FD71F93278400B206BE /* AppDelegate.swift in Sources */ = {isa = PBXBuildFile; fileRef = 54550FD61F93278400B206BE /* AppDelegate.swift */; };
		54550FD91F93278400B206BE /* ViewController.swift in Sources */ = {isa = PBXBuildFile; fileRef = 54550FD81F93278400B206BE /* ViewController.swift */; };
		54550FDC1F93278400B206BE /* Main.storyboard in Resources */ = {isa = PBXBuildFile; fileRef = 54550FDA1F93278400B206BE /* Main.storyboard */; };
		54550FDE1F93278400B206BE /* Assets.xcassets in Resources */ = {isa = PBXBuildFile; fileRef = 54550FDD1F93278400B206BE /* Assets.xcassets */; };
		54550FE11F93278400B206BE /* LaunchScreen.storyboard in Resources */ = {isa = PBXBuildFile; fileRef = 54550FDF1F93278400B206BE /* LaunchScreen.storyboard */; };
		54550FEC1F93278400B206BE /* BrainTests.swift in Sources */ = {isa = PBXBuildFile; fileRef = 54550FEB1F93278400B206BE /* BrainTests.swift */; };
		54550FF71F93278400B206BE /* FizzBuzzUITests.swift in Sources */ = {isa = PBXBuildFile; fileRef = 54550FF61F93278400B206BE /* FizzBuzzUITests.swift */; };
		545510051F93284300B206BE /* Brain.swift in Sources */ = {isa = PBXBuildFile; fileRef = 545510041F93284300B206BE /* Brain.swift */; };
		545510071F93316E00B206BE /* GameTests.swift in Sources */ = {isa = PBXBuildFile; fileRef = 545510061F93316E00B206BE /* GameTests.swift */; };
		545510091F9331B900B206BE /* Game.swift in Sources */ = {isa = PBXBuildFile; fileRef = 545510081F9331B900B206BE /* Game.swift */; };
/* End PBXBuildFile section */

/* Begin PBXContainerItemProxy section */
		54550FE81F93278400B206BE /* PBXContainerItemProxy */ = {
			isa = PBXContainerItemProxy;
			containerPortal = 54550FCB1F93278400B206BE /* Project object */;
			proxyType = 1;
			remoteGlobalIDString = 54550FD21F93278400B206BE;
			remoteInfo = FizzBuzz;
		};
		54550FF31F93278400B206BE /* PBXContainerItemProxy */ = {
			isa = PBXContainerItemProxy;
			containerPortal = 54550FCB1F93278400B206BE /* Project object */;
			proxyType = 1;
			remoteGlobalIDString = 54550FD21F93278400B206BE;
			remoteInfo = FizzBuzz;
		};
/* End PBXContainerItemProxy section */

/* Begin PBXFileReference section */
		542E5B471FB8AB8100704047 /* GameMemory.swift */ = {isa = PBXFileReference; lastKnownFileType = sourcecode.swift; path = GameMemory.swift; sourceTree = "<group>"; };
		542E5B491FB8C49200704047 /* ViewModel.swift */ = {isa = PBXFileReference; lastKnownFileType = sourcecode.swift; path = ViewModel.swift; sourceTree = "<group>"; };
		542F46B41F93656A00A3AECF /* ViewControllerUnitTests.swift */ = {isa = PBXFileReference; lastKnownFileType = sourcecode.swift; path = ViewControllerUnitTests.swift; sourceTree = "<group>"; };
		543ED76E1FA78CAF004E1225 /* Move.swift */ = {isa = PBXFileReference; lastKnownFileType = sourcecode.swift; path = Move.swift; sourceTree = "<group>"; };
		54550FD31F93278400B206BE /* FizzBuzz.app */ = {isa = PBXFileReference; explicitFileType = wrapper.application; includeInIndex = 0; path = FizzBuzz.app; sourceTree = BUILT_PRODUCTS_DIR; };
		54550FD61F93278400B206BE /* AppDelegate.swift */ = {isa = PBXFileReference; lastKnownFileType = sourcecode.swift; path = AppDelegate.swift; sourceTree = "<group>"; };
		54550FD81F93278400B206BE /* ViewController.swift */ = {isa = PBXFileReference; lastKnownFileType = sourcecode.swift; path = ViewController.swift; sourceTree = "<group>"; };
		54550FDB1F93278400B206BE /* Base */ = {isa = PBXFileReference; lastKnownFileType = file.storyboard; name = Base; path = Base.lproj/Main.storyboard; sourceTree = "<group>"; };
		54550FDD1F93278400B206BE /* Assets.xcassets */ = {isa = PBXFileReference; lastKnownFileType = folder.assetcatalog; path = Assets.xcassets; sourceTree = "<group>"; };
		54550FE01F93278400B206BE /* Base */ = {isa = PBXFileReference; lastKnownFileType = file.storyboard; name = Base; path = Base.lproj/LaunchScreen.storyboard; sourceTree = "<group>"; };
		54550FE21F93278400B206BE /* Info.plist */ = {isa = PBXFileReference; lastKnownFileType = text.plist.xml; path = Info.plist; sourceTree = "<group>"; };
		54550FE71F93278400B206BE /* FizzBuzzTests.xctest */ = {isa = PBXFileReference; explicitFileType = wrapper.cfbundle; includeInIndex = 0; path = FizzBuzzTests.xctest; sourceTree = BUILT_PRODUCTS_DIR; };
		54550FEB1F93278400B206BE /* BrainTests.swift */ = {isa = PBXFileReference; lastKnownFileType = sourcecode.swift; path = BrainTests.swift; sourceTree = "<group>"; };
		54550FED1F93278400B206BE /* Info.plist */ = {isa = PBXFileReference; lastKnownFileType = text.plist.xml; path = Info.plist; sourceTree = "<group>"; };
		54550FF21F93278400B206BE /* FizzBuzzUITests.xctest */ = {isa = PBXFileReference; explicitFileType = wrapper.cfbundle; includeInIndex = 0; path = FizzBuzzUITests.xctest; sourceTree = BUILT_PRODUCTS_DIR; };
		54550FF61F93278400B206BE /* FizzBuzzUITests.swift */ = {isa = PBXFileReference; lastKnownFileType = sourcecode.swift; path = FizzBuzzUITests.swift; sourceTree = "<group>"; };
		54550FF81F93278400B206BE /* Info.plist */ = {isa = PBXFileReference; lastKnownFileType = text.plist.xml; path = Info.plist; sourceTree = "<group>"; };
		545510041F93284300B206BE /* Brain.swift */ = {isa = PBXFileReference; lastKnownFileType = sourcecode.swift; path = Brain.swift; sourceTree = "<group>"; };
		545510061F93316E00B206BE /* GameTests.swift */ = {isa = PBXFileReference; lastKnownFileType = sourcecode.swift; path = GameTests.swift; sourceTree = "<group>"; };
		545510081F9331B900B206BE /* Game.swift */ = {isa = PBXFileReference; lastKnownFileType = sourcecode.swift; path = Game.swift; sourceTree = "<group>"; };
/* End PBXFileReference section */

/* Begin PBXFrameworksBuildPhase section */
		54550FD01F93278400B206BE /* Frameworks */ = {
			isa = PBXFrameworksBuildPhase;
			buildActionMask = 2147483647;
			files = (
			);
			runOnlyForDeploymentPostprocessing = 0;
		};
		54550FE41F93278400B206BE /* Frameworks */ = {
			isa = PBXFrameworksBuildPhase;
			buildActionMask = 2147483647;
			files = (
			);
			runOnlyForDeploymentPostprocessing = 0;
		};
		54550FEF1F93278400B206BE /* Frameworks */ = {
			isa = PBXFrameworksBuildPhase;
			buildActionMask = 2147483647;
			files = (
			);
			runOnlyForDeploymentPostprocessing = 0;
		};
/* End PBXFrameworksBuildPhase section */

/* Begin PBXGroup section */
		54550FCA1F93278400B206BE = {
			isa = PBXGroup;
			children = (
				54550FD51F93278400B206BE /* FizzBuzz */,
				54550FEA1F93278400B206BE /* FizzBuzzTests */,
				54550FF51F93278400B206BE /* FizzBuzzUITests */,
				54550FD41F93278400B206BE /* Products */,
			);
			sourceTree = "<group>";
		};
		54550FD41F93278400B206BE /* Products */ = {
			isa = PBXGroup;
			children = (
				54550FD31F93278400B206BE /* FizzBuzz.app */,
				54550FE71F93278400B206BE /* FizzBuzzTests.xctest */,
				54550FF21F93278400B206BE /* FizzBuzzUITests.xctest */,
			);
			name = Products;
			sourceTree = "<group>";
		};
		54550FD51F93278400B206BE /* FizzBuzz */ = {
			isa = PBXGroup;
			children = (
				54550FD61F93278400B206BE /* AppDelegate.swift */,
				54550FD81F93278400B206BE /* ViewController.swift */,
				54550FDA1F93278400B206BE /* Main.storyboard */,
				54550FDD1F93278400B206BE /* Assets.xcassets */,
				54550FDF1F93278400B206BE /* LaunchScreen.storyboard */,
				54550FE21F93278400B206BE /* Info.plist */,
				545510041F93284300B206BE /* Brain.swift */,
				545510081F9331B900B206BE /* Game.swift */,
				543ED76E1FA78CAF004E1225 /* Move.swift */,
				542E5B471FB8AB8100704047 /* GameMemory.swift */,
				542E5B491FB8C49200704047 /* ViewModel.swift */,
			);
			path = FizzBuzz;
			sourceTree = "<group>";
		};
		54550FEA1F93278400B206BE /* FizzBuzzTests */ = {
			isa = PBXGroup;
			children = (
				54550FEB1F93278400B206BE /* BrainTests.swift */,
				545510061F93316E00B206BE /* GameTests.swift */,
				54550FED1F93278400B206BE /* Info.plist */,
				542F46B41F93656A00A3AECF /* ViewControllerUnitTests.swift */,
			);
			path = FizzBuzzTests;
			sourceTree = "<group>";
		};
		54550FF51F93278400B206BE /* FizzBuzzUITests */ = {
			isa = PBXGroup;
			children = (
				54550FF61F93278400B206BE /* FizzBuzzUITests.swift */,
				54550FF81F93278400B206BE /* Info.plist */,
			);
			path = FizzBuzzUITests;
			sourceTree = "<group>";
		};
/* End PBXGroup section */

/* Begin PBXNativeTarget section */
		54550FD21F93278400B206BE /* FizzBuzz */ = {
			isa = PBXNativeTarget;
			buildConfigurationList = 54550FFB1F93278400B206BE /* Build configuration list for PBXNativeTarget "FizzBuzz" */;
			buildPhases = (
				54550FCF1F93278400B206BE /* Sources */,
				54550FD01F93278400B206BE /* Frameworks */,
				54550FD11F93278400B206BE /* Resources */,
			);
			buildRules = (
			);
			dependencies = (
			);
			name = FizzBuzz;
			productName = FizzBuzz;
			productReference = 54550FD31F93278400B206BE /* FizzBuzz.app */;
			productType = "com.apple.product-type.application";
		};
		54550FE61F93278400B206BE /* FizzBuzzTests */ = {
			isa = PBXNativeTarget;
			buildConfigurationList = 54550FFE1F93278400B206BE /* Build configuration list for PBXNativeTarget "FizzBuzzTests" */;
			buildPhases = (
				54550FE31F93278400B206BE /* Sources */,
				54550FE41F93278400B206BE /* Frameworks */,
				54550FE51F93278400B206BE /* Resources */,
			);
			buildRules = (
			);
			dependencies = (
				54550FE91F93278400B206BE /* PBXTargetDependency */,
			);
			name = FizzBuzzTests;
			productName = FizzBuzzTests;
			productReference = 54550FE71F93278400B206BE /* FizzBuzzTests.xctest */;
			productType = "com.apple.product-type.bundle.unit-test";
		};
		54550FF11F93278400B206BE /* FizzBuzzUITests */ = {
			isa = PBXNativeTarget;
			buildConfigurationList = 545510011F93278400B206BE /* Build configuration list for PBXNativeTarget "FizzBuzzUITests" */;
			buildPhases = (
				54550FEE1F93278400B206BE /* Sources */,
				54550FEF1F93278400B206BE /* Frameworks */,
				54550FF01F93278400B206BE /* Resources */,
			);
			buildRules = (
			);
			dependencies = (
				54550FF41F93278400B206BE /* PBXTargetDependency */,
			);
			name = FizzBuzzUITests;
			productName = FizzBuzzUITests;
			productReference = 54550FF21F93278400B206BE /* FizzBuzzUITests.xctest */;
			productType = "com.apple.product-type.bundle.ui-testing";
		};
/* End PBXNativeTarget section */

/* Begin PBXProject section */
		54550FCB1F93278400B206BE /* Project object */ = {
			isa = PBXProject;
			attributes = {
				LastSwiftUpdateCheck = 0900;
				LastUpgradeCheck = 0900;
				ORGANIZATIONNAME = "Ashutosh Dave";
				TargetAttributes = {
					54550FD21F93278400B206BE = {
						CreatedOnToolsVersion = 9.0;
						ProvisioningStyle = Automatic;
					};
					54550FE61F93278400B206BE = {
						CreatedOnToolsVersion = 9.0;
						ProvisioningStyle = Automatic;
						TestTargetID = 54550FD21F93278400B206BE;
					};
					54550FF11F93278400B206BE = {
						CreatedOnToolsVersion = 9.0;
						ProvisioningStyle = Automatic;
						TestTargetID = 54550FD21F93278400B206BE;
					};
				};
			};
			buildConfigurationList = 54550FCE1F93278400B206BE /* Build configuration list for PBXProject "FizzBuzz" */;
			compatibilityVersion = "Xcode 8.0";
			developmentRegion = en;
			hasScannedForEncodings = 0;
			knownRegions = (
				en,
				Base,
			);
			mainGroup = 54550FCA1F93278400B206BE;
			productRefGroup = 54550FD41F93278400B206BE /* Products */;
			projectDirPath = "";
			projectRoot = "";
			targets = (
				54550FD21F93278400B206BE /* FizzBuzz */,
				54550FE61F93278400B206BE /* FizzBuzzTests */,
				54550FF11F93278400B206BE /* FizzBuzzUITests */,
			);
		};
/* End PBXProject section */

/* Begin PBXResourcesBuildPhase section */
		54550FD11F93278400B206BE /* Resources */ = {
			isa = PBXResourcesBuildPhase;
			buildActionMask = 2147483647;
			files = (
				54550FE11F93278400B206BE /* LaunchScreen.storyboard in Resources */,
				54550FDE1F93278400B206BE /* Assets.xcassets in Resources */,
				54550FDC1F93278400B206BE /* Main.storyboard in Resources */,
			);
			runOnlyForDeploymentPostprocessing = 0;
		};
		54550FE51F93278400B206BE /* Resources */ = {
			isa = PBXResourcesBuildPhase;
			buildActionMask = 2147483647;
			files = (
			);
			runOnlyForDeploymentPostprocessing = 0;
		};
		54550FF01F93278400B206BE /* Resources */ = {
			isa = PBXResourcesBuildPhase;
			buildActionMask = 2147483647;
			files = (
			);
			runOnlyForDeploymentPostprocessing = 0;
		};
/* End PBXResourcesBuildPhase section */

/* Begin PBXSourcesBuildPhase section */
		54550FCF1F93278400B206BE /* Sources */ = {
			isa = PBXSourcesBuildPhase;
			buildActionMask = 2147483647;
			files = (
				542E5B481FB8AB8100704047 /* GameMemory.swift in Sources */,
				543ED76F1FA78CAF004E1225 /* Move.swift in Sources */,
				54550FD91F93278400B206BE /* ViewController.swift in Sources */,
				545510051F93284300B206BE /* Brain.swift in Sources */,
				54550FD71F93278400B206BE /* AppDelegate.swift in Sources */,
				545510091F9331B900B206BE /* Game.swift in Sources */,
				542E5B4A1FB8C49200704047 /* ViewModel.swift in Sources */,
			);
			runOnlyForDeploymentPostprocessing = 0;
		};
		54550FE31F93278400B206BE /* Sources */ = {
			isa = PBXSourcesBuildPhase;
			buildActionMask = 2147483647;
			files = (
				54550FEC1F93278400B206BE /* BrainTests.swift in Sources */,
				545510071F93316E00B206BE /* GameTests.swift in Sources */,
				542F46B51F93656A00A3AECF /* ViewControllerUnitTests.swift in Sources */,
			);
			runOnlyForDeploymentPostprocessing = 0;
		};
		54550FEE1F93278400B206BE /* Sources */ = {
			isa = PBXSourcesBuildPhase;
			buildActionMask = 2147483647;
			files = (
				54550FF71F93278400B206BE /* FizzBuzzUITests.swift in Sources */,
			);
			runOnlyForDeploymentPostprocessing = 0;
		};
/* End PBXSourcesBuildPhase section */

/* Begin PBXTargetDependency section */
		54550FE91F93278400B206BE /* PBXTargetDependency */ = {
			isa = PBXTargetDependency;
			target = 54550FD21F93278400B206BE /* FizzBuzz */;
			targetProxy = 54550FE81F93278400B206BE /* PBXContainerItemProxy */;
		};
		54550FF41F93278400B206BE /* PBXTargetDependency */ = {
			isa = PBXTargetDependency;
			target = 54550FD21F93278400B206BE /* FizzBuzz */;
			targetProxy = 54550FF31F93278400B206BE /* PBXContainerItemProxy */;
		};
/* End PBXTargetDependency section */

/* Begin PBXVariantGroup section */
		54550FDA1F93278400B206BE /* Main.storyboard */ = {
			isa = PBXVariantGroup;
			children = (
				54550FDB1F93278400B206BE /* Base */,
			);
			name = Main.storyboard;
			sourceTree = "<group>";
		};
		54550FDF1F93278400B206BE /* LaunchScreen.storyboard */ = {
			isa = PBXVariantGroup;
			children = (
				54550FE01F93278400B206BE /* Base */,
			);
			name = LaunchScreen.storyboard;
			sourceTree = "<group>";
		};
/* End PBXVariantGroup section */

/* Begin XCBuildConfiguration section */
		54550FF91F93278400B206BE /* Debug */ = {
			isa = XCBuildConfiguration;
			buildSettings = {
				ALWAYS_SEARCH_USER_PATHS = NO;
				CLANG_ANALYZER_NONNULL = YES;
				CLANG_ANALYZER_NUMBER_OBJECT_CONVERSION = YES_AGGRESSIVE;
				CLANG_CXX_LANGUAGE_STANDARD = "gnu++14";
				CLANG_CXX_LIBRARY = "libc++";
				CLANG_ENABLE_MODULES = YES;
				CLANG_ENABLE_OBJC_ARC = YES;
				CLANG_WARN_BLOCK_CAPTURE_AUTORELEASING = YES;
				CLANG_WARN_BOOL_CONVERSION = YES;
				CLANG_WARN_COMMA = YES;
				CLANG_WARN_CONSTANT_CONVERSION = YES;
				CLANG_WARN_DIRECT_OBJC_ISA_USAGE = YES_ERROR;
				CLANG_WARN_DOCUMENTATION_COMMENTS = YES;
				CLANG_WARN_EMPTY_BODY = YES;
				CLANG_WARN_ENUM_CONVERSION = YES;
				CLANG_WARN_INFINITE_RECURSION = YES;
				CLANG_WARN_INT_CONVERSION = YES;
				CLANG_WARN_NON_LITERAL_NULL_CONVERSION = YES;
				CLANG_WARN_OBJC_LITERAL_CONVERSION = YES;
				CLANG_WARN_OBJC_ROOT_CLASS = YES_ERROR;
				CLANG_WARN_RANGE_LOOP_ANALYSIS = YES;
				CLANG_WARN_STRICT_PROTOTYPES = YES;
				CLANG_WARN_SUSPICIOUS_MOVE = YES;
				CLANG_WARN_UNGUARDED_AVAILABILITY = YES_AGGRESSIVE;
				CLANG_WARN_UNREACHABLE_CODE = YES;
				CLANG_WARN__DUPLICATE_METHOD_MATCH = YES;
				CODE_SIGN_IDENTITY = "iPhone Developer";
				COPY_PHASE_STRIP = NO;
				DEBUG_INFORMATION_FORMAT = dwarf;
				ENABLE_STRICT_OBJC_MSGSEND = YES;
				ENABLE_TESTABILITY = YES;
				GCC_C_LANGUAGE_STANDARD = gnu11;
				GCC_DYNAMIC_NO_PIC = NO;
				GCC_NO_COMMON_BLOCKS = YES;
				GCC_OPTIMIZATION_LEVEL = 0;
				GCC_PREPROCESSOR_DEFINITIONS = (
					"DEBUG=1",
					"$(inherited)",
				);
				GCC_WARN_64_TO_32_BIT_CONVERSION = YES;
				GCC_WARN_ABOUT_RETURN_TYPE = YES_ERROR;
				GCC_WARN_UNDECLARED_SELECTOR = YES;
				GCC_WARN_UNINITIALIZED_AUTOS = YES_AGGRESSIVE;
				GCC_WARN_UNUSED_FUNCTION = YES;
				GCC_WARN_UNUSED_VARIABLE = YES;
				IPHONEOS_DEPLOYMENT_TARGET = 11.0;
				MTL_ENABLE_DEBUG_INFO = YES;
				ONLY_ACTIVE_ARCH = YES;
				SDKROOT = iphoneos;
				SWIFT_ACTIVE_COMPILATION_CONDITIONS = DEBUG;
				SWIFT_OPTIMIZATION_LEVEL = "-Onone";
			};
			name = Debug;
		};
		54550FFA1F93278400B206BE /* Release */ = {
			isa = XCBuildConfiguration;
			buildSettings = {
				ALWAYS_SEARCH_USER_PATHS = NO;
				CLANG_ANALYZER_NONNULL = YES;
				CLANG_ANALYZER_NUMBER_OBJECT_CONVERSION = YES_AGGRESSIVE;
				CLANG_CXX_LANGUAGE_STANDARD = "gnu++14";
				CLANG_CXX_LIBRARY = "libc++";
				CLANG_ENABLE_MODULES = YES;
				CLANG_ENABLE_OBJC_ARC = YES;
				CLANG_WARN_BLOCK_CAPTURE_AUTORELEASING = YES;
				CLANG_WARN_BOOL_CONVERSION = YES;
				CLANG_WARN_COMMA = YES;
				CLANG_WARN_CONSTANT_CONVERSION = YES;
				CLANG_WARN_DIRECT_OBJC_ISA_USAGE = YES_ERROR;
				CLANG_WARN_DOCUMENTATION_COMMENTS = YES;
				CLANG_WARN_EMPTY_BODY = YES;
				CLANG_WARN_ENUM_CONVERSION = YES;
				CLANG_WARN_INFINITE_RECURSION = YES;
				CLANG_WARN_INT_CONVERSION = YES;
				CLANG_WARN_NON_LITERAL_NULL_CONVERSION = YES;
				CLANG_WARN_OBJC_LITERAL_CONVERSION = YES;
				CLANG_WARN_OBJC_ROOT_CLASS = YES_ERROR;
				CLANG_WARN_RANGE_LOOP_ANALYSIS = YES;
				CLANG_WARN_STRICT_PROTOTYPES = YES;
				CLANG_WARN_SUSPICIOUS_MOVE = YES;
				CLANG_WARN_UNGUARDED_AVAILABILITY = YES_AGGRESSIVE;
				CLANG_WARN_UNREACHABLE_CODE = YES;
				CLANG_WARN__DUPLICATE_METHOD_MATCH = YES;
				CODE_SIGN_IDENTITY = "iPhone Developer";
				COPY_PHASE_STRIP = NO;
				DEBUG_INFORMATION_FORMAT = "dwarf-with-dsym";
				ENABLE_NS_ASSERTIONS = NO;
				ENABLE_STRICT_OBJC_MSGSEND = YES;
				GCC_C_LANGUAGE_STANDARD = gnu11;
				GCC_NO_COMMON_BLOCKS = YES;
				GCC_WARN_64_TO_32_BIT_CONVERSION = YES;
				GCC_WARN_ABOUT_RETURN_TYPE = YES_ERROR;
				GCC_WARN_UNDECLARED_SELECTOR = YES;
				GCC_WARN_UNINITIALIZED_AUTOS = YES_AGGRESSIVE;
				GCC_WARN_UNUSED_FUNCTION = YES;
				GCC_WARN_UNUSED_VARIABLE = YES;
				IPHONEOS_DEPLOYMENT_TARGET = 11.0;
				MTL_ENABLE_DEBUG_INFO = NO;
				SDKROOT = iphoneos;
				SWIFT_OPTIMIZATION_LEVEL = "-Owholemodule";
				VALIDATE_PRODUCT = YES;
			};
			name = Release;
		};
		54550FFC1F93278400B206BE /* Debug */ = {
			isa = XCBuildConfiguration;
			buildSettings = {
				ASSETCATALOG_COMPILER_APPICON_NAME = AppIcon;
				CODE_SIGN_STYLE = Automatic;
				DEVELOPMENT_TEAM = H9F7HUSCMC;
				INFOPLIST_FILE = FizzBuzz/Info.plist;
				LD_RUNPATH_SEARCH_PATHS = "$(inherited) @executable_path/Frameworks";
				PRODUCT_BUNDLE_IDENTIFIER = com.ashu.FizzBuzz;
				PRODUCT_NAME = "$(TARGET_NAME)";
				SWIFT_VERSION = 4.0;
				TARGETED_DEVICE_FAMILY = "1,2";
			};
			name = Debug;
		};
		54550FFD1F93278400B206BE /* Release */ = {
			isa = XCBuildConfiguration;
			buildSettings = {
				ASSETCATALOG_COMPILER_APPICON_NAME = AppIcon;
				CODE_SIGN_STYLE = Automatic;
				DEVELOPMENT_TEAM = H9F7HUSCMC;
				INFOPLIST_FILE = FizzBuzz/Info.plist;
				LD_RUNPATH_SEARCH_PATHS = "$(inherited) @executable_path/Frameworks";
				PRODUCT_BUNDLE_IDENTIFIER = com.ashu.FizzBuzz;
				PRODUCT_NAME = "$(TARGET_NAME)";
				SWIFT_VERSION = 4.0;
				TARGETED_DEVICE_FAMILY = "1,2";
			};
			name = Release;
		};
		54550FFF1F93278400B206BE /* Debug */ = {
			isa = XCBuildConfiguration;
			buildSettings = {
				ALWAYS_EMBED_SWIFT_STANDARD_LIBRARIES = YES;
				BUNDLE_LOADER = "$(TEST_HOST)";
				CODE_SIGN_STYLE = Automatic;
				DEVELOPMENT_TEAM = H9F7HUSCMC;
				INFOPLIST_FILE = FizzBuzzTests/Info.plist;
				LD_RUNPATH_SEARCH_PATHS = "$(inherited) @executable_path/Frameworks @loader_path/Frameworks";
				PRODUCT_BUNDLE_IDENTIFIER = com.ashu.FizzBuzzTests;
				PRODUCT_NAME = "$(TARGET_NAME)";
				SWIFT_VERSION = 4.0;
				TARGETED_DEVICE_FAMILY = "1,2";
				TEST_HOST = "$(BUILT_PRODUCTS_DIR)/FizzBuzz.app/FizzBuzz";
			};
			name = Debug;
		};
		545510001F93278400B206BE /* Release */ = {
			isa = XCBuildConfiguration;
			buildSettings = {
				ALWAYS_EMBED_SWIFT_STANDARD_LIBRARIES = YES;
				BUNDLE_LOADER = "$(TEST_HOST)";
				CODE_SIGN_STYLE = Automatic;
				DEVELOPMENT_TEAM = H9F7HUSCMC;
				INFOPLIST_FILE = FizzBuzzTests/Info.plist;
				LD_RUNPATH_SEARCH_PATHS = "$(inherited) @executable_path/Frameworks @loader_path/Frameworks";
				PRODUCT_BUNDLE_IDENTIFIER = com.ashu.FizzBuzzTests;
				PRODUCT_NAME = "$(TARGET_NAME)";
				SWIFT_VERSION = 4.0;
				TARGETED_DEVICE_FAMILY = "1,2";
				TEST_HOST = "$(BUILT_PRODUCTS_DIR)/FizzBuzz.app/FizzBuzz";
			};
			name = Release;
		};
		545510021F93278400B206BE /* Debug */ = {
			isa = XCBuildConfiguration;
			buildSettings = {
				ALWAYS_EMBED_SWIFT_STANDARD_LIBRARIES = YES;
				CODE_SIGN_STYLE = Automatic;
				DEVELOPMENT_TEAM = H9F7HUSCMC;
				INFOPLIST_FILE = FizzBuzzUITests/Info.plist;
				LD_RUNPATH_SEARCH_PATHS = "$(inherited) @executable_path/Frameworks @loader_path/Frameworks";
				PRODUCT_BUNDLE_IDENTIFIER = com.ashu.FizzBuzzUITests;
				PRODUCT_NAME = "$(TARGET_NAME)";
				SWIFT_VERSION = 4.0;
				TARGETED_DEVICE_FAMILY = "1,2";
				TEST_TARGET_NAME = FizzBuzz;
			};
			name = Debug;
		};
		545510031F93278400B206BE /* Release */ = {
			isa = XCBuildConfiguration;
			buildSettings = {
				ALWAYS_EMBED_SWIFT_STANDARD_LIBRARIES = YES;
				CODE_SIGN_STYLE = Automatic;
				DEVELOPMENT_TEAM = H9F7HUSCMC;
				INFOPLIST_FILE = FizzBuzzUITests/Info.plist;
				LD_RUNPATH_SEARCH_PATHS = "$(inherited) @executable_path/Frameworks @loader_path/Frameworks";
				PRODUCT_BUNDLE_IDENTIFIER = com.ashu.FizzBuzzUITests;
				PRODUCT_NAME = "$(TARGET_NAME)";
				SWIFT_VERSION = 4.0;
				TARGETED_DEVICE_FAMILY = "1,2";
				TEST_TARGET_NAME = FizzBuzz;
			};
			name = Release;
		};
/* End XCBuildConfiguration section */

/* Begin XCConfigurationList section */
		54550FCE1F93278400B206BE /* Build configuration list for PBXProject "FizzBuzz" */ = {
			isa = XCConfigurationList;
			buildConfigurations = (
				54550FF91F93278400B206BE /* Debug */,
				54550FFA1F93278400B206BE /* Release */,
			);
			defaultConfigurationIsVisible = 0;
			defaultConfigurationName = Release;
		};
		54550FFB1F93278400B206BE /* Build configuration list for PBXNativeTarget "FizzBuzz" */ = {
			isa = XCConfigurationList;
			buildConfigurations = (
				54550FFC1F93278400B206BE /* Debug */,
				54550FFD1F93278400B206BE /* Release */,
			);
			defaultConfigurationIsVisible = 0;
			defaultConfigurationName = Release;
		};
		54550FFE1F93278400B206BE /* Build configuration list for PBXNativeTarget "FizzBuzzTests" */ = {
			isa = XCConfigurationList;
			buildConfigurations = (
				54550FFF1F93278400B206BE /* Debug */,
				545510001F93278400B206BE /* Release */,
			);
			defaultConfigurationIsVisible = 0;
			defaultConfigurationName = Release;
		};
		545510011F93278400B206BE /* Build configuration list for PBXNativeTarget "FizzBuzzUITests" */ = {
			isa = XCConfigurationList;
			buildConfigurations = (
				545510021F93278400B206BE /* Debug */,
				545510031F93278400B206BE /* Release */,
			);
			defaultConfigurationIsVisible = 0;
			defaultConfigurationName = Release;
		};
/* End XCConfigurationList section */
	};
	rootObject = 54550FCB1F93278400B206BE /* Project object */;
}
